
Microsoft Visual Studio Solution File, Format Version 12.00
# Visual Studio Version 17
VisualStudioVersion = 17.12.35514.174
MinimumVisualStudioVersion = 10.0.40219.1
Project("{FAE04EC0-301F-11D3-BF4B-00C04F79EFBC}") = "Api", "Api\Api.csproj", "{ADFAB57E-1E3D-4A3F-B6E6-E97639E9E50D}"
EndProject
Project("{FAE04EC0-301F-11D3-BF4B-00C04F79EFBC}") = "Domain", "Domain\Domain.csproj", "{AAD4E112-E901-49F6-BD8A-E486850B9CF8}"
EndProject
Project("{FAE04EC0-301F-11D3-BF4B-00C04F79EFBC}") = "Infrastructure", "Infrastructure\Infrastructure.csproj", "{7CB7FB85-D0A5-49A2-86FD-BE94F9C1ECBE}"
EndProject
Project("{FAE04EC0-301F-11D3-BF4B-00C04F79EFBC}") = "Application", "Application\Application.csproj", "{FB7F7B5B-CE04-4777-BD18-DED61B0BA4B1}"
EndProject
Project("{FAE04EC0-301F-11D3-BF4B-00C04F79EFBC}") = "Tests", "Tests\Tests.csproj", "{55727E7D-D4B6-4CD5-9A0D-6A851C329EDB}"
EndProject
Global
	GlobalSection(SolutionConfigurationPlatforms) = preSolution
		Debug|Any CPU = Debug|Any CPU
		Release|Any CPU = Release|Any CPU
	EndGlobalSection
	GlobalSection(ProjectConfigurationPlatforms) = postSolution
		{ADFAB57E-1E3D-4A3F-B6E6-E97639E9E50D}.Debug|Any CPU.ActiveCfg = Debug|Any CPU
		{ADFAB57E-1E3D-4A3F-B6E6-E97639E9E50D}.Debug|Any CPU.Build.0 = Debug|Any CPU
		{ADFAB57E-1E3D-4A3F-B6E6-E97639E9E50D}.Release|Any CPU.ActiveCfg = Release|Any CPU
		{ADFAB57E-1E3D-4A3F-B6E6-E97639E9E50D}.Release|Any CPU.Build.0 = Release|Any CPU
		{AAD4E112-E901-49F6-BD8A-E486850B9CF8}.Debug|Any CPU.ActiveCfg = Debug|Any CPU
		{AAD4E112-E901-49F6-BD8A-E486850B9CF8}.Debug|Any CPU.Build.0 = Debug|Any CPU
		{AAD4E112-E901-49F6-BD8A-E486850B9CF8}.Release|Any CPU.ActiveCfg = Release|Any CPU
		{AAD4E112-E901-49F6-BD8A-E486850B9CF8}.Release|Any CPU.Build.0 = Release|Any CPU
		{7CB7FB85-D0A5-49A2-86FD-BE94F9C1ECBE}.Debug|Any CPU.ActiveCfg = Debug|Any CPU
		{7CB7FB85-D0A5-49A2-86FD-BE94F9C1ECBE}.Debug|Any CPU.Build.0 = Debug|Any CPU
		{7CB7FB85-D0A5-49A2-86FD-BE94F9C1ECBE}.Release|Any CPU.ActiveCfg = Release|Any CPU
		{7CB7FB85-D0A5-49A2-86FD-BE94F9C1ECBE}.Release|Any CPU.Build.0 = Release|Any CPU
		{FB7F7B5B-CE04-4777-BD18-DED61B0BA4B1}.Debug|Any CPU.ActiveCfg = Debug|Any CPU
		{FB7F7B5B-CE04-4777-BD18-DED61B0BA4B1}.Debug|Any CPU.Build.0 = Debug|Any CPU
		{FB7F7B5B-CE04-4777-BD18-DED61B0BA4B1}.Release|Any CPU.ActiveCfg = Release|Any CPU
		{FB7F7B5B-CE04-4777-BD18-DED61B0BA4B1}.Release|Any CPU.Build.0 = Release|Any CPU
		{55727E7D-D4B6-4CD5-9A0D-6A851C329EDB}.Debug|Any CPU.ActiveCfg = Debug|Any CPU
		{55727E7D-D4B6-4CD5-9A0D-6A851C329EDB}.Debug|Any CPU.Build.0 = Debug|Any CPU
		{55727E7D-D4B6-4CD5-9A0D-6A851C329EDB}.Release|Any CPU.ActiveCfg = Release|Any CPU
		{55727E7D-D4B6-4CD5-9A0D-6A851C329EDB}.Release|Any CPU.Build.0 = Release|Any CPU
	EndGlobalSection
	GlobalSection(SolutionProperties) = preSolution
		HideSolutionNode = FALSE
	EndGlobalSection
EndGlobal
